// !$*UTF8*$!
{
	archiveVersion = 1;
	classes = {
	};
	objectVersion = 55;
	objects = {

/* Begin PBXBuildFile section */
		75EB25DE27D89C6E008461F6 /* SwiftUINoteApp.swift in Sources */ = {isa = PBXBuildFile; fileRef = 75EB25DD27D89C6E008461F6 /* SwiftUINoteApp.swift */; };
		75EB25E027D89C6E008461F6 /* ContentView.swift in Sources */ = {isa = PBXBuildFile; fileRef = 75EB25DF27D89C6E008461F6 /* ContentView.swift */; };
		75EB25E227D89C6F008461F6 /* Assets.xcassets in Resources */ = {isa = PBXBuildFile; fileRef = 75EB25E127D89C6F008461F6 /* Assets.xcassets */; };
		75EB25E527D89C6F008461F6 /* Preview Assets.xcassets in Resources */ = {isa = PBXBuildFile; fileRef = 75EB25E427D89C6F008461F6 /* Preview Assets.xcassets */; };
		75EB25EF27D89C6F008461F6 /* SwiftUINoteTests.swift in Sources */ = {isa = PBXBuildFile; fileRef = 75EB25EE27D89C6F008461F6 /* SwiftUINoteTests.swift */; };
		75EB25F927D89C6F008461F6 /* SwiftUINoteUITests.swift in Sources */ = {isa = PBXBuildFile; fileRef = 75EB25F827D89C6F008461F6 /* SwiftUINoteUITests.swift */; };
		75EB25FB27D89C6F008461F6 /* SwiftUINoteUITestsLaunchTests.swift in Sources */ = {isa = PBXBuildFile; fileRef = 75EB25FA27D89C6F008461F6 /* SwiftUINoteUITestsLaunchTests.swift */; };
/* End PBXBuildFile section */

/* Begin PBXContainerItemProxy section */
		75EB25EB27D89C6F008461F6 /* PBXContainerItemProxy */ = {
			isa = PBXContainerItemProxy;
			containerPortal = 75EB25D227D89C6E008461F6 /* Project object */;
			proxyType = 1;
			remoteGlobalIDString = 75EB25D927D89C6E008461F6;
			remoteInfo = SwiftUINote;
		};
		75EB25F527D89C6F008461F6 /* PBXContainerItemProxy */ = {
			isa = PBXContainerItemProxy;
			containerPortal = 75EB25D227D89C6E008461F6 /* Project object */;
			proxyType = 1;
			remoteGlobalIDString = 75EB25D927D89C6E008461F6;
			remoteInfo = SwiftUINote;
		};
/* End PBXContainerItemProxy section */

/* Begin PBXFileReference section */
		75EB25DA27D89C6E008461F6 /* SwiftUINote.app */ = {isa = PBXFileReference; explicitFileType = wrapper.application; includeInIndex = 0; path = SwiftUINote.app; sourceTree = BUILT_PRODUCTS_DIR; };
		75EB25DD27D89C6E008461F6 /* SwiftUINoteApp.swift */ = {isa = PBXFileReference; lastKnownFileType = sourcecode.swift; path = SwiftUINoteApp.swift; sourceTree = "<group>"; };
		75EB25DF27D89C6E008461F6 /* ContentView.swift */ = {isa = PBXFileReference; lastKnownFileType = sourcecode.swift; path = ContentView.swift; sourceTree = "<group>"; };
		75EB25E127D89C6F008461F6 /* Assets.xcassets */ = {isa = PBXFileReference; lastKnownFileType = folder.assetcatalog; path = Assets.xcassets; sourceTree = "<group>"; };
		75EB25E427D89C6F008461F6 /* Preview Assets.xcassets */ = {isa = PBXFileReference; lastKnownFileType = folder.assetcatalog; path = "Preview Assets.xcassets"; sourceTree = "<group>"; };
		75EB25EA27D89C6F008461F6 /* SwiftUINoteTests.xctest */ = {isa = PBXFileReference; explicitFileType = wrapper.cfbundle; includeInIndex = 0; path = SwiftUINoteTests.xctest; sourceTree = BUILT_PRODUCTS_DIR; };
		75EB25EE27D89C6F008461F6 /* SwiftUINoteTests.swift */ = {isa = PBXFileReference; lastKnownFileType = sourcecode.swift; path = SwiftUINoteTests.swift; sourceTree = "<group>"; };
		75EB25F427D89C6F008461F6 /* SwiftUINoteUITests.xctest */ = {isa = PBXFileReference; explicitFileType = wrapper.cfbundle; includeInIndex = 0; path = SwiftUINoteUITests.xctest; sourceTree = BUILT_PRODUCTS_DIR; };
		75EB25F827D89C6F008461F6 /* SwiftUINoteUITests.swift */ = {isa = PBXFileReference; lastKnownFileType = sourcecode.swift; path = SwiftUINoteUITests.swift; sourceTree = "<group>"; };
		75EB25FA27D89C6F008461F6 /* SwiftUINoteUITestsLaunchTests.swift */ = {isa = PBXFileReference; lastKnownFileType = sourcecode.swift; path = SwiftUINoteUITestsLaunchTests.swift; sourceTree = "<group>"; };
/* End PBXFileReference section */

/* Begin PBXFrameworksBuildPhase section */
		75EB25D727D89C6E008461F6 /* Frameworks */ = {
			isa = PBXFrameworksBuildPhase;
			buildActionMask = 2147483647;
			files = (
			);
			runOnlyForDeploymentPostprocessing = 0;
		};
		75EB25E727D89C6F008461F6 /* Frameworks */ = {
			isa = PBXFrameworksBuildPhase;
			buildActionMask = 2147483647;
			files = (
			);
			runOnlyForDeploymentPostprocessing = 0;
		};
		75EB25F127D89C6F008461F6 /* Frameworks */ = {
			isa = PBXFrameworksBuildPhase;
			buildActionMask = 2147483647;
			files = (
			);
			runOnlyForDeploymentPostprocessing = 0;
		};
/* End PBXFrameworksBuildPhase section */

/* Begin PBXGroup section */
		75EB25D127D89C6E008461F6 = {
			isa = PBXGroup;
			children = (
				75EB25DC27D89C6E008461F6 /* SwiftUINote */,
				75EB25ED27D89C6F008461F6 /* SwiftUINoteTests */,
				75EB25F727D89C6F008461F6 /* SwiftUINoteUITests */,
				75EB25DB27D89C6E008461F6 /* Products */,
			);
			sourceTree = "<group>";
		};
		75EB25DB27D89C6E008461F6 /* Products */ = {
			isa = PBXGroup;
			children = (
				75EB25DA27D89C6E008461F6 /* SwiftUINote.app */,
				75EB25EA27D89C6F008461F6 /* SwiftUINoteTests.xctest */,
				75EB25F427D89C6F008461F6 /* SwiftUINoteUITests.xctest */,
			);
			name = Products;
			sourceTree = "<group>";
		};
		75EB25DC27D89C6E008461F6 /* SwiftUINote */ = {
			isa = PBXGroup;
			children = (
				75EB25DD27D89C6E008461F6 /* SwiftUINoteApp.swift */,
				75EB25DF27D89C6E008461F6 /* ContentView.swift */,
				75EB25E127D89C6F008461F6 /* Assets.xcassets */,
				75EB25E327D89C6F008461F6 /* Preview Content */,
			);
			path = SwiftUINote;
			sourceTree = "<group>";
		};
		75EB25E327D89C6F008461F6 /* Preview Content */ = {
			isa = PBXGroup;
			children = (
				75EB25E427D89C6F008461F6 /* Preview Assets.xcassets */,
			);
			path = "Preview Content";
			sourceTree = "<group>";
		};
		75EB25ED27D89C6F008461F6 /* SwiftUINoteTests */ = {
			isa = PBXGroup;
			children = (
				75EB25EE27D89C6F008461F6 /* SwiftUINoteTests.swift */,
			);
			path = SwiftUINoteTests;
			sourceTree = "<group>";
		};
		75EB25F727D89C6F008461F6 /* SwiftUINoteUITests */ = {
			isa = PBXGroup;
			children = (
				75EB25F827D89C6F008461F6 /* SwiftUINoteUITests.swift */,
				75EB25FA27D89C6F008461F6 /* SwiftUINoteUITestsLaunchTests.swift */,
			);
			path = SwiftUINoteUITests;
			sourceTree = "<group>";
		};
/* End PBXGroup section */

/* Begin PBXNativeTarget section */
		75EB25D927D89C6E008461F6 /* SwiftUINote */ = {
			isa = PBXNativeTarget;
			buildConfigurationList = 75EB25FE27D89C6F008461F6 /* Build configuration list for PBXNativeTarget "SwiftUINote" */;
			buildPhases = (
				75EB25D627D89C6E008461F6 /* Sources */,
				75EB25D727D89C6E008461F6 /* Frameworks */,
				75EB25D827D89C6E008461F6 /* Resources */,
			);
			buildRules = (
			);
			dependencies = (
			);
			name = SwiftUINote;
			productName = SwiftUINote;
			productReference = 75EB25DA27D89C6E008461F6 /* SwiftUINote.app */;
			productType = "com.apple.product-type.application";
		};
		75EB25E927D89C6F008461F6 /* SwiftUINoteTests */ = {
			isa = PBXNativeTarget;
			buildConfigurationList = 75EB260127D89C6F008461F6 /* Build configuration list for PBXNativeTarget "SwiftUINoteTests" */;
			buildPhases = (
				75EB25E627D89C6F008461F6 /* Sources */,
				75EB25E727D89C6F008461F6 /* Frameworks */,
				75EB25E827D89C6F008461F6 /* Resources */,
			);
			buildRules = (
			);
			dependencies = (
				75EB25EC27D89C6F008461F6 /* PBXTargetDependency */,
			);
			name = SwiftUINoteTests;
			productName = SwiftUINoteTests;
			productReference = 75EB25EA27D89C6F008461F6 /* SwiftUINoteTests.xctest */;
			productType = "com.apple.product-type.bundle.unit-test";
		};
		75EB25F327D89C6F008461F6 /* SwiftUINoteUITests */ = {
			isa = PBXNativeTarget;
			buildConfigurationList = 75EB260427D89C6F008461F6 /* Build configuration list for PBXNativeTarget "SwiftUINoteUITests" */;
			buildPhases = (
				75EB25F027D89C6F008461F6 /* Sources */,
				75EB25F127D89C6F008461F6 /* Frameworks */,
				75EB25F227D89C6F008461F6 /* Resources */,
			);
			buildRules = (
			);
			dependencies = (
				75EB25F627D89C6F008461F6 /* PBXTargetDependency */,
			);
			name = SwiftUINoteUITests;
			productName = SwiftUINoteUITests;
			productReference = 75EB25F427D89C6F008461F6 /* SwiftUINoteUITests.xctest */;
			productType = "com.apple.product-type.bundle.ui-testing";
		};
/* End PBXNativeTarget section */

/* Begin PBXProject section */
		75EB25D227D89C6E008461F6 /* Project object */ = {
			isa = PBXProject;
			attributes = {
				BuildIndependentTargetsInParallel = 1;
				LastSwiftUpdateCheck = 1320;
				LastUpgradeCheck = 1320;
				TargetAttributes = {
					75EB25D927D89C6E008461F6 = {
						CreatedOnToolsVersion = 13.2.1;
					};
					75EB25E927D89C6F008461F6 = {
						CreatedOnToolsVersion = 13.2.1;
						TestTargetID = 75EB25D927D89C6E008461F6;
					};
					75EB25F327D89C6F008461F6 = {
						CreatedOnToolsVersion = 13.2.1;
						TestTargetID = 75EB25D927D89C6E008461F6;
					};
				};
			};
			buildConfigurationList = 75EB25D527D89C6E008461F6 /* Build configuration list for PBXProject "SwiftUINote" */;
			compatibilityVersion = "Xcode 13.0";
			developmentRegion = en;
			hasScannedForEncodings = 0;
			knownRegions = (
				en,
				Base,
			);
			mainGroup = 75EB25D127D89C6E008461F6;
			productRefGroup = 75EB25DB27D89C6E008461F6 /* Products */;
			projectDirPath = "";
			projectRoot = "";
			targets = (
				75EB25D927D89C6E008461F6 /* SwiftUINote */,
				75EB25E927D89C6F008461F6 /* SwiftUINoteTests */,
				75EB25F327D89C6F008461F6 /* SwiftUINoteUITests */,
			);
		};
/* End PBXProject section */

/* Begin PBXResourcesBuildPhase section */
		75EB25D827D89C6E008461F6 /* Resources */ = {
			isa = PBXResourcesBuildPhase;
			buildActionMask = 2147483647;
			files = (
				75EB25E527D89C6F008461F6 /* Preview Assets.xcassets in Resources */,
				75EB25E227D89C6F008461F6 /* Assets.xcassets in Resources */,
			);
			runOnlyForDeploymentPostprocessing = 0;
		};
		75EB25E827D89C6F008461F6 /* Resources */ = {
			isa = PBXResourcesBuildPhase;
			buildActionMask = 2147483647;
			files = (
			);
			runOnlyForDeploymentPostprocessing = 0;
		};
		75EB25F227D89C6F008461F6 /* Resources */ = {
			isa = PBXResourcesBuildPhase;
			buildActionMask = 2147483647;
			files = (
			);
			runOnlyForDeploymentPostprocessing = 0;
		};
/* End PBXResourcesBuildPhase section */

/* Begin PBXSourcesBuildPhase section */
		75EB25D627D89C6E008461F6 /* Sources */ = {
			isa = PBXSourcesBuildPhase;
			buildActionMask = 2147483647;
			files = (
				75EB25E027D89C6E008461F6 /* ContentView.swift in Sources */,
				75EB25DE27D89C6E008461F6 /* SwiftUINoteApp.swift in Sources */,
			);
			runOnlyForDeploymentPostprocessing = 0;
		};
		75EB25E627D89C6F008461F6 /* Sources */ = {
			isa = PBXSourcesBuildPhase;
			buildActionMask = 2147483647;
			files = (
				75EB25EF27D89C6F008461F6 /* SwiftUINoteTests.swift in Sources */,
			);
			runOnlyForDeploymentPostprocessing = 0;
		};
		75EB25F027D89C6F008461F6 /* Sources */ = {
			isa = PBXSourcesBuildPhase;
			buildActionMask = 2147483647;
			files = (
				75EB25FB27D89C6F008461F6 /* SwiftUINoteUITestsLaunchTests.swift in Sources */,
				75EB25F927D89C6F008461F6 /* SwiftUINoteUITests.swift in Sources */,
			);
			runOnlyForDeploymentPostprocessing = 0;
		};
/* End PBXSourcesBuildPhase section */

/* Begin PBXTargetDependency section */
		75EB25EC27D89C6F008461F6 /* PBXTargetDependency */ = {
			isa = PBXTargetDependency;
			target = 75EB25D927D89C6E008461F6 /* SwiftUINote */;
			targetProxy = 75EB25EB27D89C6F008461F6 /* PBXContainerItemProxy */;
		};
		75EB25F627D89C6F008461F6 /* PBXTargetDependency */ = {
			isa = PBXTargetDependency;
			target = 75EB25D927D89C6E008461F6 /* SwiftUINote */;
			targetProxy = 75EB25F527D89C6F008461F6 /* PBXContainerItemProxy */;
		};
/* End PBXTargetDependency section */

/* Begin XCBuildConfiguration section */
		75EB25FC27D89C6F008461F6 /* Debug */ = {
			isa = XCBuildConfiguration;
			buildSettings = {
				ALWAYS_SEARCH_USER_PATHS = NO;
				CLANG_ANALYZER_NONNULL = YES;
				CLANG_ANALYZER_NUMBER_OBJECT_CONVERSION = YES_AGGRESSIVE;
				CLANG_CXX_LANGUAGE_STANDARD = "gnu++17";
				CLANG_CXX_LIBRARY = "libc++";
				CLANG_ENABLE_MODULES = YES;
				CLANG_ENABLE_OBJC_ARC = YES;
				CLANG_ENABLE_OBJC_WEAK = YES;
				CLANG_WARN_BLOCK_CAPTURE_AUTORELEASING = YES;
				CLANG_WARN_BOOL_CONVERSION = YES;
				CLANG_WARN_COMMA = YES;
				CLANG_WARN_CONSTANT_CONVERSION = YES;
				CLANG_WARN_DEPRECATED_OBJC_IMPLEMENTATIONS = YES;
				CLANG_WARN_DIRECT_OBJC_ISA_USAGE = YES_ERROR;
				CLANG_WARN_DOCUMENTATION_COMMENTS = YES;
				CLANG_WARN_EMPTY_BODY = YES;
				CLANG_WARN_ENUM_CONVERSION = YES;
				CLANG_WARN_INFINITE_RECURSION = YES;
				CLANG_WARN_INT_CONVERSION = YES;
				CLANG_WARN_NON_LITERAL_NULL_CONVERSION = YES;
				CLANG_WARN_OBJC_IMPLICIT_RETAIN_SELF = YES;
				CLANG_WARN_OBJC_LITERAL_CONVERSION = YES;
				CLANG_WARN_OBJC_ROOT_CLASS = YES_ERROR;
				CLANG_WARN_QUOTED_INCLUDE_IN_FRAMEWORK_HEADER = YES;
				CLANG_WARN_RANGE_LOOP_ANALYSIS = YES;
				CLANG_WARN_STRICT_PROTOTYPES = YES;
				CLANG_WARN_SUSPICIOUS_MOVE = YES;
				CLANG_WARN_UNGUARDED_AVAILABILITY = YES_AGGRESSIVE;
				CLANG_WARN_UNREACHABLE_CODE = YES;
				CLANG_WARN__DUPLICATE_METHOD_MATCH = YES;
				COPY_PHASE_STRIP = NO;
				DEBUG_INFORMATION_FORMAT = dwarf;
				ENABLE_STRICT_OBJC_MSGSEND = YES;
				ENABLE_TESTABILITY = YES;
				GCC_C_LANGUAGE_STANDARD = gnu11;
				GCC_DYNAMIC_NO_PIC = NO;
				GCC_NO_COMMON_BLOCKS = YES;
				GCC_OPTIMIZATION_LEVEL = 0;
				GCC_PREPROCESSOR_DEFINITIONS = (
					"DEBUG=1",
					"$(inherited)",
				);
				GCC_WARN_64_TO_32_BIT_CONVERSION = YES;
				GCC_WARN_ABOUT_RETURN_TYPE = YES_ERROR;
				GCC_WARN_UNDECLARED_SELECTOR = YES;
				GCC_WARN_UNINITIALIZED_AUTOS = YES_AGGRESSIVE;
				GCC_WARN_UNUSED_FUNCTION = YES;
				GCC_WARN_UNUSED_VARIABLE = YES;
				IPHONEOS_DEPLOYMENT_TARGET = 15.2;
				MTL_ENABLE_DEBUG_INFO = INCLUDE_SOURCE;
				MTL_FAST_MATH = YES;
				ONLY_ACTIVE_ARCH = YES;
				SDKROOT = iphoneos;
				SWIFT_ACTIVE_COMPILATION_CONDITIONS = DEBUG;
				SWIFT_OPTIMIZATION_LEVEL = "-Onone";
			};
			name = Debug;
		};
		75EB25FD27D89C6F008461F6 /* Release */ = {
			isa = XCBuildConfiguration;
			buildSettings = {
				ALWAYS_SEARCH_USER_PATHS = NO;
				CLANG_ANALYZER_NONNULL = YES;
				CLANG_ANALYZER_NUMBER_OBJECT_CONVERSION = YES_AGGRESSIVE;
				CLANG_CXX_LANGUAGE_STANDARD = "gnu++17";
				CLANG_CXX_LIBRARY = "libc++";
				CLANG_ENABLE_MODULES = YES;
				CLANG_ENABLE_OBJC_ARC = YES;
				CLANG_ENABLE_OBJC_WEAK = YES;
				CLANG_WARN_BLOCK_CAPTURE_AUTORELEASING = YES;
				CLANG_WARN_BOOL_CONVERSION = YES;
				CLANG_WARN_COMMA = YES;
				CLANG_WARN_CONSTANT_CONVERSION = YES;
				CLANG_WARN_DEPRECATED_OBJC_IMPLEMENTATIONS = YES;
				CLANG_WARN_DIRECT_OBJC_ISA_USAGE = YES_ERROR;
				CLANG_WARN_DOCUMENTATION_COMMENTS = YES;
				CLANG_WARN_EMPTY_BODY = YES;
				CLANG_WARN_ENUM_CONVERSION = YES;
				CLANG_WARN_INFINITE_RECURSION = YES;
				CLANG_WARN_INT_CONVERSION = YES;
				CLANG_WARN_NON_LITERAL_NULL_CONVERSION = YES;
				CLANG_WARN_OBJC_IMPLICIT_RETAIN_SELF = YES;
				CLANG_WARN_OBJC_LITERAL_CONVERSION = YES;
				CLANG_WARN_OBJC_ROOT_CLASS = YES_ERROR;
				CLANG_WARN_QUOTED_INCLUDE_IN_FRAMEWORK_HEADER = YES;
				CLANG_WARN_RANGE_LOOP_ANALYSIS = YES;
				CLANG_WARN_STRICT_PROTOTYPES = YES;
				CLANG_WARN_SUSPICIOUS_MOVE = YES;
				CLANG_WARN_UNGUARDED_AVAILABILITY = YES_AGGRESSIVE;
				CLANG_WARN_UNREACHABLE_CODE = YES;
				CLANG_WARN__DUPLICATE_METHOD_MATCH = YES;
				COPY_PHASE_STRIP = NO;
				DEBUG_INFORMATION_FORMAT = "dwarf-with-dsym";
				ENABLE_NS_ASSERTIONS = NO;
				ENABLE_STRICT_OBJC_MSGSEND = YES;
				GCC_C_LANGUAGE_STANDARD = gnu11;
				GCC_NO_COMMON_BLOCKS = YES;
				GCC_WARN_64_TO_32_BIT_CONVERSION = YES;
				GCC_WARN_ABOUT_RETURN_TYPE = YES_ERROR;
				GCC_WARN_UNDECLARED_SELECTOR = YES;
				GCC_WARN_UNINITIALIZED_AUTOS = YES_AGGRESSIVE;
				GCC_WARN_UNUSED_FUNCTION = YES;
				GCC_WARN_UNUSED_VARIABLE = YES;
				IPHONEOS_DEPLOYMENT_TARGET = 15.2;
				MTL_ENABLE_DEBUG_INFO = NO;
				MTL_FAST_MATH = YES;
				SDKROOT = iphoneos;
				SWIFT_COMPILATION_MODE = wholemodule;
				SWIFT_OPTIMIZATION_LEVEL = "-O";
				VALIDATE_PRODUCT = YES;
			};
			name = Release;
		};
		75EB25FF27D89C6F008461F6 /* Debug */ = {
			isa = XCBuildConfiguration;
			buildSettings = {
				ASSETCATALOG_COMPILER_APPICON_NAME = AppIcon;
				ASSETCATALOG_COMPILER_GLOBAL_ACCENT_COLOR_NAME = AccentColor;
				CODE_SIGN_STYLE = Automatic;
				CURRENT_PROJECT_VERSION = 1;
				DEVELOPMENT_ASSET_PATHS = "\"SwiftUINote/Preview Content\"";
				DEVELOPMENT_TEAM = 7N2TRX73U6;
				ENABLE_PREVIEWS = YES;
				GENERATE_INFOPLIST_FILE = YES;
				INFOPLIST_KEY_UIApplicationSceneManifest_Generation = YES;
				INFOPLIST_KEY_UIApplicationSupportsIndirectInputEvents = YES;
				INFOPLIST_KEY_UILaunchScreen_Generation = YES;
				INFOPLIST_KEY_UISupportedInterfaceOrientations_iPad = "UIInterfaceOrientationPortrait UIInterfaceOrientationPortraitUpsideDown UIInterfaceOrientationLandscapeLeft UIInterfaceOrientationLandscapeRight";
				INFOPLIST_KEY_UISupportedInterfaceOrientations_iPhone = "UIInterfaceOrientationPortrait UIInterfaceOrientationLandscapeLeft UIInterfaceOrientationLandscapeRight";
				LD_RUNPATH_SEARCH_PATHS = (
					"$(inherited)",
					"@executable_path/Frameworks",
				);
				MARKETING_VERSION = 1.0;
				PRODUCT_BUNDLE_IDENTIFIER = com.calmkeen.SwiftUINote;
				PRODUCT_NAME = "$(TARGET_NAME)";
				SWIFT_EMIT_LOC_STRINGS = YES;
				SWIFT_VERSION = 5.0;
				TARGETED_DEVICE_FAMILY = "1,2";
			};
			name = Debug;
		};
		75EB260027D89C6F008461F6 /* Release */ = {
			isa = XCBuildConfiguration;
			buildSettings = {
				ASSETCATALOG_COMPILER_APPICON_NAME = AppIcon;
				ASSETCATALOG_COMPILER_GLOBAL_ACCENT_COLOR_NAME = AccentColor;
				CODE_SIGN_STYLE = Automatic;
				CURRENT_PROJECT_VERSION = 1;
				DEVELOPMENT_ASSET_PATHS = "\"SwiftUINote/Preview Content\"";
				DEVELOPMENT_TEAM = 7N2TRX73U6;
				ENABLE_PREVIEWS = YES;
				GENERATE_INFOPLIST_FILE = YES;
				INFOPLIST_KEY_UIApplicationSceneManifest_Generation = YES;
				INFOPLIST_KEY_UIApplicationSupportsIndirectInputEvents = YES;
				INFOPLIST_KEY_UILaunchScreen_Generation = YES;
				INFOPLIST_KEY_UISupportedInterfaceOrientations_iPad = "UIInterfaceOrientationPortrait UIInterfaceOrientationPortraitUpsideDown UIInterfaceOrientationLandscapeLeft UIInterfaceOrientationLandscapeRight";
				INFOPLIST_KEY_UISupportedInterfaceOrientations_iPhone = "UIInterfaceOrientationPortrait UIInterfaceOrientationLandscapeLeft UIInterfaceOrientationLandscapeRight";
				LD_RUNPATH_SEARCH_PATHS = (
					"$(inherited)",
					"@executable_path/Frameworks",
				);
				MARKETING_VERSION = 1.0;
				PRODUCT_BUNDLE_IDENTIFIER = com.calmkeen.SwiftUINote;
				PRODUCT_NAME = "$(TARGET_NAME)";
				SWIFT_EMIT_LOC_STRINGS = YES;
				SWIFT_VERSION = 5.0;
				TARGETED_DEVICE_FAMILY = "1,2";
			};
			name = Release;
		};
		75EB260227D89C6F008461F6 /* Debug */ = {
			isa = XCBuildConfiguration;
			buildSettings = {
				ALWAYS_EMBED_SWIFT_STANDARD_LIBRARIES = YES;
				BUNDLE_LOADER = "$(TEST_HOST)";
				CODE_SIGN_STYLE = Automatic;
				CURRENT_PROJECT_VERSION = 1;
				DEVELOPMENT_TEAM = 7N2TRX73U6;
				GENERATE_INFOPLIST_FILE = YES;
				IPHONEOS_DEPLOYMENT_TARGET = 15.2;
				MARKETING_VERSION = 1.0;
				PRODUCT_BUNDLE_IDENTIFIER = com.calmkeen.SwiftUINoteTests;
				PRODUCT_NAME = "$(TARGET_NAME)";
				SWIFT_EMIT_LOC_STRINGS = NO;
				SWIFT_VERSION = 5.0;
				TARGETED_DEVICE_FAMILY = "1,2";
				TEST_HOST = "$(BUILT_PRODUCTS_DIR)/SwiftUINote.app/SwiftUINote";
			};
			name = Debug;
		};
		75EB260327D89C6F008461F6 /* Release */ = {
			isa = XCBuildConfiguration;
			buildSettings = {
				ALWAYS_EMBED_SWIFT_STANDARD_LIBRARIES = YES;
				BUNDLE_LOADER = "$(TEST_HOST)";
				CODE_SIGN_STYLE = Automatic;
				CURRENT_PROJECT_VERSION = 1;
				DEVELOPMENT_TEAM = 7N2TRX73U6;
				GENERATE_INFOPLIST_FILE = YES;
				IPHONEOS_DEPLOYMENT_TARGET = 15.2;
				MARKETING_VERSION = 1.0;
				PRODUCT_BUNDLE_IDENTIFIER = com.calmkeen.SwiftUINoteTests;
				PRODUCT_NAME = "$(TARGET_NAME)";
				SWIFT_EMIT_LOC_STRINGS = NO;
				SWIFT_VERSION = 5.0;
				TARGETED_DEVICE_FAMILY = "1,2";
				TEST_HOST = "$(BUILT_PRODUCTS_DIR)/SwiftUINote.app/SwiftUINote";
			};
			name = Release;
		};
		75EB260527D89C6F008461F6 /* Debug */ = {
			isa = XCBuildConfiguration;
			buildSettings = {
				ALWAYS_EMBED_SWIFT_STANDARD_LIBRARIES = YES;
				CODE_SIGN_STYLE = Automatic;
				CURRENT_PROJECT_VERSION = 1;
				DEVELOPMENT_TEAM = 7N2TRX73U6;
				GENERATE_INFOPLIST_FILE = YES;
				MARKETING_VERSION = 1.0;
				PRODUCT_BUNDLE_IDENTIFIER = com.calmkeen.SwiftUINoteUITests;
				PRODUCT_NAME = "$(TARGET_NAME)";
				SWIFT_EMIT_LOC_STRINGS = NO;
				SWIFT_VERSION = 5.0;
				TARGETED_DEVICE_FAMILY = "1,2";
				TEST_TARGET_NAME = SwiftUINote;
			};
			name = Debug;
		};
		75EB260627D89C6F008461F6 /* Release */ = {
			isa = XCBuildConfiguration;
			buildSettings = {
				ALWAYS_EMBED_SWIFT_STANDARD_LIBRARIES = YES;
				CODE_SIGN_STYLE = Automatic;
				CURRENT_PROJECT_VERSION = 1;
				DEVELOPMENT_TEAM = 7N2TRX73U6;
				GENERATE_INFOPLIST_FILE = YES;
				MARKETING_VERSION = 1.0;
				PRODUCT_BUNDLE_IDENTIFIER = com.calmkeen.SwiftUINoteUITests;
				PRODUCT_NAME = "$(TARGET_NAME)";
				SWIFT_EMIT_LOC_STRINGS = NO;
				SWIFT_VERSION = 5.0;
				TARGETED_DEVICE_FAMILY = "1,2";
				TEST_TARGET_NAME = SwiftUINote;
			};
			name = Release;
		};
/* End XCBuildConfiguration section */

/* Begin XCConfigurationList section */
		75EB25D527D89C6E008461F6 /* Build configuration list for PBXProject "SwiftUINote" */ = {
			isa = XCConfigurationList;
			buildConfigurations = (
				75EB25FC27D89C6F008461F6 /* Debug */,
				75EB25FD27D89C6F008461F6 /* Release */,
			);
			defaultConfigurationIsVisible = 0;
			defaultConfigurationName = Release;
		};
		75EB25FE27D89C6F008461F6 /* Build configuration list for PBXNativeTarget "SwiftUINote" */ = {
			isa = XCConfigurationList;
			buildConfigurations = (
				75EB25FF27D89C6F008461F6 /* Debug */,
				75EB260027D89C6F008461F6 /* Release */,
			);
			defaultConfigurationIsVisible = 0;
			defaultConfigurationName = Release;
		};
		75EB260127D89C6F008461F6 /* Build configuration list for PBXNativeTarget "SwiftUINoteTests" */ = {
			isa = XCConfigurationList;
			buildConfigurations = (
				75EB260227D89C6F008461F6 /* Debug */,
				75EB260327D89C6F008461F6 /* Release */,
			);
			defaultConfigurationIsVisible = 0;
			defaultConfigurationName = Release;
		};
		75EB260427D89C6F008461F6 /* Build configuration list for PBXNativeTarget "SwiftUINoteUITests" */ = {
			isa = XCConfigurationList;
			buildConfigurations = (
				75EB260527D89C6F008461F6 /* Debug */,
				75EB260627D89C6F008461F6 /* Release */,
			);
			defaultConfigurationIsVisible = 0;
			defaultConfigurationName = Release;
		};
/* End XCConfigurationList section */
	};
	rootObject = 75EB25D227D89C6E008461F6 /* Project object */;
}
